
Microsoft Visual Studio Solution File, Format Version 12.00
# Visual Studio Version 16
VisualStudioVersion = 16.0.31702.278
MinimumVisualStudioVersion = 10.0.40219.1
Project("{FAE04EC0-301F-11D3-BF4B-00C04F79EFBC}") = "MvcProjectCamp", "MvcProjectCamp\MvcProjectCamp.csproj", "{F40C9A3F-CA91-4068-A85D-73E43BA35DCC}"
EndProject
Project("{FAE04EC0-301F-11D3-BF4B-00C04F79EFBC}") = "Entities", "Entities\Entities.csproj", "{FCB407FF-6F66-4301-AD6F-39396D9212EC}"
EndProject
Project("{FAE04EC0-301F-11D3-BF4B-00C04F79EFBC}") = "DataAccess", "DataAccess\DataAccess.csproj", "{D4A03268-2CF1-442A-B85E-8661FEAC7595}"
EndProject
Project("{FAE04EC0-301F-11D3-BF4B-00C04F79EFBC}") = "Business", "Business\Business.csproj", "{5CBE11E0-1E05-4EEA-9EEF-379042D41CBA}"
EndProject
Project("{FAE04EC0-301F-11D3-BF4B-00C04F79EFBC}") = "Core", "Core\Core.csproj", "{2A995CDD-F787-46EB-B434-59D857442040}"
EndProject
Global
	GlobalSection(SolutionConfigurationPlatforms) = preSolution
		Debug|Any CPU = Debug|Any CPU
		Release|Any CPU = Release|Any CPU
	EndGlobalSection
	GlobalSection(ProjectConfigurationPlatforms) = postSolution
		{F40C9A3F-CA91-4068-A85D-73E43BA35DCC}.Debug|Any CPU.ActiveCfg = Debug|Any CPU
		{F40C9A3F-CA91-4068-A85D-73E43BA35DCC}.Debug|Any CPU.Build.0 = Debug|Any CPU
		{F40C9A3F-CA91-4068-A85D-73E43BA35DCC}.Release|Any CPU.ActiveCfg = Release|Any CPU
		{F40C9A3F-CA91-4068-A85D-73E43BA35DCC}.Release|Any CPU.Build.0 = Release|Any CPU
		{FCB407FF-6F66-4301-AD6F-39396D9212EC}.Debug|Any CPU.ActiveCfg = Debug|Any CPU
		{FCB407FF-6F66-4301-AD6F-39396D9212EC}.Debug|Any CPU.Build.0 = Debug|Any CPU
		{FCB407FF-6F66-4301-AD6F-39396D9212EC}.Release|Any CPU.ActiveCfg = Release|Any CPU
		{FCB407FF-6F66-4301-AD6F-39396D9212EC}.Release|Any CPU.Build.0 = Release|Any CPU
		{D4A03268-2CF1-442A-B85E-8661FEAC7595}.Debug|Any CPU.ActiveCfg = Debug|Any CPU
		{D4A03268-2CF1-442A-B85E-8661FEAC7595}.Debug|Any CPU.Build.0 = Debug|Any CPU
		{D4A03268-2CF1-442A-B85E-8661FEAC7595}.Release|Any CPU.ActiveCfg = Release|Any CPU
		{D4A03268-2CF1-442A-B85E-8661FEAC7595}.Release|Any CPU.Build.0 = Release|Any CPU
		{5CBE11E0-1E05-4EEA-9EEF-379042D41CBA}.Debug|Any CPU.ActiveCfg = Debug|Any CPU
		{5CBE11E0-1E05-4EEA-9EEF-379042D41CBA}.Debug|Any CPU.Build.0 = Debug|Any CPU
		{5CBE11E0-1E05-4EEA-9EEF-379042D41CBA}.Release|Any CPU.ActiveCfg = Release|Any CPU
		{5CBE11E0-1E05-4EEA-9EEF-379042D41CBA}.Release|Any CPU.Build.0 = Release|Any CPU
		{2A995CDD-F787-46EB-B434-59D857442040}.Debug|Any CPU.ActiveCfg = Debug|Any CPU
		{2A995CDD-F787-46EB-B434-59D857442040}.Debug|Any CPU.Build.0 = Debug|Any CPU
		{2A995CDD-F787-46EB-B434-59D857442040}.Release|Any CPU.ActiveCfg = Release|Any CPU
		{2A995CDD-F787-46EB-B434-59D857442040}.Release|Any CPU.Build.0 = Release|Any CPU
	EndGlobalSection
	GlobalSection(SolutionProperties) = preSolution
		HideSolutionNode = FALSE
	EndGlobalSection
	GlobalSection(ExtensibilityGlobals) = postSolution
		SolutionGuid = {B6FE5D04-5C7E-4D39-8C70-AE360520F29A}
	EndGlobalSection
EndGlobal
